// !$*UTF8*$!
{
	archiveVersion = 1;
	classes = {
	};
	objectVersion = 46;
	objects = {

/* Begin PBXBuildFile section */
		FE7E35C41CA0EB7000DF4E14 /* main.m in Sources */ = {isa = PBXBuildFile; fileRef = FE7E35C31CA0EB7000DF4E14 /* main.m */; };
		FE7E35C71CA0EB7000DF4E14 /* AppDelegate.m in Sources */ = {isa = PBXBuildFile; fileRef = FE7E35C61CA0EB7000DF4E14 /* AppDelegate.m */; };
		FE7E35CA1CA0EB7000DF4E14 /* ViewController.m in Sources */ = {isa = PBXBuildFile; fileRef = FE7E35C91CA0EB7000DF4E14 /* ViewController.m */; };
		FE7E35CD1CA0EB7000DF4E14 /* Main.storyboard in Resources */ = {isa = PBXBuildFile; fileRef = FE7E35CB1CA0EB7000DF4E14 /* Main.storyboard */; };
		FE7E35CF1CA0EB7000DF4E14 /* Assets.xcassets in Resources */ = {isa = PBXBuildFile; fileRef = FE7E35CE1CA0EB7000DF4E14 /* Assets.xcassets */; };
		FE7E35D21CA0EB7000DF4E14 /* LaunchScreen.storyboard in Resources */ = {isa = PBXBuildFile; fileRef = FE7E35D01CA0EB7000DF4E14 /* LaunchScreen.storyboard */; };
		FE7E35E21CA0EB7B00DF4E14 /* LewLogger.m in Sources */ = {isa = PBXBuildFile; fileRef = FE7E35DB1CA0EB7B00DF4E14 /* LewLogger.m */; };
		FE7E35E31CA0EB7B00DF4E14 /* NSArray+LewLogger.m in Sources */ = {isa = PBXBuildFile; fileRef = FE7E35DD1CA0EB7B00DF4E14 /* NSArray+LewLogger.m */; };
		FE7E35E41CA0EB7B00DF4E14 /* NSDictionary+LewLogger.m in Sources */ = {isa = PBXBuildFile; fileRef = FE7E35DF1CA0EB7B00DF4E14 /* NSDictionary+LewLogger.m */; };
		FE7E35E51CA0EB7B00DF4E14 /* NSSet+LewLogger.m in Sources */ = {isa = PBXBuildFile; fileRef = FE7E35E11CA0EB7B00DF4E14 /* NSSet+LewLogger.m */; };
/* End PBXBuildFile section */

/* Begin PBXFileReference section */
		FE7E35BF1CA0EB7000DF4E14 /* LewLoggerDemo.app */ = {isa = PBXFileReference; explicitFileType = wrapper.application; includeInIndex = 0; path = LewLoggerDemo.app; sourceTree = BUILT_PRODUCTS_DIR; };
		FE7E35C31CA0EB7000DF4E14 /* main.m */ = {isa = PBXFileReference; lastKnownFileType = sourcecode.c.objc; path = main.m; sourceTree = "<group>"; };
		FE7E35C51CA0EB7000DF4E14 /* AppDelegate.h */ = {isa = PBXFileReference; lastKnownFileType = sourcecode.c.h; path = AppDelegate.h; sourceTree = "<group>"; };
		FE7E35C61CA0EB7000DF4E14 /* AppDelegate.m */ = {isa = PBXFileReference; lastKnownFileType = sourcecode.c.objc; path = AppDelegate.m; sourceTree = "<group>"; };
		FE7E35C81CA0EB7000DF4E14 /* ViewController.h */ = {isa = PBXFileReference; lastKnownFileType = sourcecode.c.h; path = ViewController.h; sourceTree = "<group>"; };
		FE7E35C91CA0EB7000DF4E14 /* ViewController.m */ = {isa = PBXFileReference; lastKnownFileType = sourcecode.c.objc; path = ViewController.m; sourceTree = "<group>"; };
		FE7E35CC1CA0EB7000DF4E14 /* Base */ = {isa = PBXFileReference; lastKnownFileType = file.storyboard; name = Base; path = Base.lproj/Main.storyboard; sourceTree = "<group>"; };
		FE7E35CE1CA0EB7000DF4E14 /* Assets.xcassets */ = {isa = PBXFileReference; lastKnownFileType = folder.assetcatalog; path = Assets.xcassets; sourceTree = "<group>"; };
		FE7E35D11CA0EB7000DF4E14 /* Base */ = {isa = PBXFileReference; lastKnownFileType = file.storyboard; name = Base; path = Base.lproj/LaunchScreen.storyboard; sourceTree = "<group>"; };
		FE7E35D31CA0EB7000DF4E14 /* Info.plist */ = {isa = PBXFileReference; lastKnownFileType = text.plist.xml; path = Info.plist; sourceTree = "<group>"; };
		FE7E35DA1CA0EB7B00DF4E14 /* LewLogger.h */ = {isa = PBXFileReference; fileEncoding = 4; lastKnownFileType = sourcecode.c.h; path = LewLogger.h; sourceTree = "<group>"; };
		FE7E35DB1CA0EB7B00DF4E14 /* LewLogger.m */ = {isa = PBXFileReference; fileEncoding = 4; lastKnownFileType = sourcecode.c.objc; path = LewLogger.m; sourceTree = "<group>"; };
		FE7E35DC1CA0EB7B00DF4E14 /* NSArray+LewLogger.h */ = {isa = PBXFileReference; fileEncoding = 4; lastKnownFileType = sourcecode.c.h; path = "NSArray+LewLogger.h"; sourceTree = "<group>"; };
		FE7E35DD1CA0EB7B00DF4E14 /* NSArray+LewLogger.m */ = {isa = PBXFileReference; fileEncoding = 4; lastKnownFileType = sourcecode.c.objc; path = "NSArray+LewLogger.m"; sourceTree = "<group>"; };
		FE7E35DE1CA0EB7B00DF4E14 /* NSDictionary+LewLogger.h */ = {isa = PBXFileReference; fileEncoding = 4; lastKnownFileType = sourcecode.c.h; path = "NSDictionary+LewLogger.h"; sourceTree = "<group>"; };
		FE7E35DF1CA0EB7B00DF4E14 /* NSDictionary+LewLogger.m */ = {isa = PBXFileReference; fileEncoding = 4; lastKnownFileType = sourcecode.c.objc; path = "NSDictionary+LewLogger.m"; sourceTree = "<group>"; };
		FE7E35E01CA0EB7B00DF4E14 /* NSSet+LewLogger.h */ = {isa = PBXFileReference; fileEncoding = 4; lastKnownFileType = sourcecode.c.h; path = "NSSet+LewLogger.h"; sourceTree = "<group>"; };
		FE7E35E11CA0EB7B00DF4E14 /* NSSet+LewLogger.m */ = {isa = PBXFileReference; fileEncoding = 4; lastKnownFileType = sourcecode.c.objc; path = "NSSet+LewLogger.m"; sourceTree = "<group>"; };
/* End PBXFileReference section */

/* Begin PBXFrameworksBuildPhase section */
		FE7E35BC1CA0EB7000DF4E14 /* Frameworks */ = {
			isa = PBXFrameworksBuildPhase;
			buildActionMask = 2147483647;
			files = (
			);
			runOnlyForDeploymentPostprocessing = 0;
		};
/* End PBXFrameworksBuildPhase section */

/* Begin PBXGroup section */
		FE7E35B61CA0EB7000DF4E14 = {
			isa = PBXGroup;
			children = (
				FE7E35D91CA0EB7B00DF4E14 /* LewLogger */,
				FE7E35C11CA0EB7000DF4E14 /* LewLoggerDemo */,
				FE7E35C01CA0EB7000DF4E14 /* Products */,
			);
			sourceTree = "<group>";
		};
		FE7E35C01CA0EB7000DF4E14 /* Products */ = {
			isa = PBXGroup;
			children = (
				FE7E35BF1CA0EB7000DF4E14 /* LewLoggerDemo.app */,
			);
			name = Products;
			sourceTree = "<group>";
		};
		FE7E35C11CA0EB7000DF4E14 /* LewLoggerDemo */ = {
			isa = PBXGroup;
			children = (
				FE7E35C51CA0EB7000DF4E14 /* AppDelegate.h */,
				FE7E35C61CA0EB7000DF4E14 /* AppDelegate.m */,
				FE7E35C81CA0EB7000DF4E14 /* ViewController.h */,
				FE7E35C91CA0EB7000DF4E14 /* ViewController.m */,
				FE7E35CB1CA0EB7000DF4E14 /* Main.storyboard */,
				FE7E35CE1CA0EB7000DF4E14 /* Assets.xcassets */,
				FE7E35D01CA0EB7000DF4E14 /* LaunchScreen.storyboard */,
				FE7E35D31CA0EB7000DF4E14 /* Info.plist */,
				FE7E35C21CA0EB7000DF4E14 /* Supporting Files */,
			);
			path = LewLoggerDemo;
			sourceTree = "<group>";
		};
		FE7E35C21CA0EB7000DF4E14 /* Supporting Files */ = {
			isa = PBXGroup;
			children = (
				FE7E35C31CA0EB7000DF4E14 /* main.m */,
			);
			name = "Supporting Files";
			sourceTree = "<group>";
		};
		FE7E35D91CA0EB7B00DF4E14 /* LewLogger */ = {
			isa = PBXGroup;
			children = (
				FE7E35DA1CA0EB7B00DF4E14 /* LewLogger.h */,
				FE7E35DB1CA0EB7B00DF4E14 /* LewLogger.m */,
				FE7E35DC1CA0EB7B00DF4E14 /* NSArray+LewLogger.h */,
				FE7E35DD1CA0EB7B00DF4E14 /* NSArray+LewLogger.m */,
				FE7E35DE1CA0EB7B00DF4E14 /* NSDictionary+LewLogger.h */,
				FE7E35DF1CA0EB7B00DF4E14 /* NSDictionary+LewLogger.m */,
				FE7E35E01CA0EB7B00DF4E14 /* NSSet+LewLogger.h */,
				FE7E35E11CA0EB7B00DF4E14 /* NSSet+LewLogger.m */,
			);
			name = LewLogger;
			path = ../LewLogger;
			sourceTree = "<group>";
		};
/* End PBXGroup section */

/* Begin PBXNativeTarget section */
		FE7E35BE1CA0EB7000DF4E14 /* LewLoggerDemo */ = {
			isa = PBXNativeTarget;
			buildConfigurationList = FE7E35D61CA0EB7000DF4E14 /* Build configuration list for PBXNativeTarget "LewLoggerDemo" */;
			buildPhases = (
				FE7E35BB1CA0EB7000DF4E14 /* Sources */,
				FE7E35BC1CA0EB7000DF4E14 /* Frameworks */,
				FE7E35BD1CA0EB7000DF4E14 /* Resources */,
			);
			buildRules = (
			);
			dependencies = (
			);
			name = LewLoggerDemo;
			productName = LewLoggerDemo;
			productReference = FE7E35BF1CA0EB7000DF4E14 /* LewLoggerDemo.app */;
			productType = "com.apple.product-type.application";
		};
/* End PBXNativeTarget section */

/* Begin PBXProject section */
		FE7E35B71CA0EB7000DF4E14 /* Project object */ = {
			isa = PBXProject;
			attributes = {
				LastUpgradeCheck = 0720;
				ORGANIZATIONNAME = pljhonglu;
				TargetAttributes = {
					FE7E35BE1CA0EB7000DF4E14 = {
						CreatedOnToolsVersion = 7.2.1;
					};
				};
			};
			buildConfigurationList = FE7E35BA1CA0EB7000DF4E14 /* Build configuration list for PBXProject "LewLoggerDemo" */;
			compatibilityVersion = "Xcode 3.2";
			developmentRegion = English;
			hasScannedForEncodings = 0;
			knownRegions = (
				en,
				Base,
			);
			mainGroup = FE7E35B61CA0EB7000DF4E14;
			productRefGroup = FE7E35C01CA0EB7000DF4E14 /* Products */;
			projectDirPath = "";
			projectRoot = "";
			targets = (
				FE7E35BE1CA0EB7000DF4E14 /* LewLoggerDemo */,
			);
		};
/* End PBXProject section */

/* Begin PBXResourcesBuildPhase section */
		FE7E35BD1CA0EB7000DF4E14 /* Resources */ = {
			isa = PBXResourcesBuildPhase;
			buildActionMask = 2147483647;
			files = (
				FE7E35D21CA0EB7000DF4E14 /* LaunchScreen.storyboard in Resources */,
				FE7E35CF1CA0EB7000DF4E14 /* Assets.xcassets in Resources */,
				FE7E35CD1CA0EB7000DF4E14 /* Main.storyboard in Resources */,
			);
			runOnlyForDeploymentPostprocessing = 0;
		};
/* End PBXResourcesBuildPhase section */

/* Begin PBXSourcesBuildPhase section */
		FE7E35BB1CA0EB7000DF4E14 /* Sources */ = {
			isa = PBXSourcesBuildPhase;
			buildActionMask = 2147483647;
			files = (
				FE7E35CA1CA0EB7000DF4E14 /* ViewController.m in Sources */,
				FE7E35C71CA0EB7000DF4E14 /* AppDelegate.m in Sources */,
				FE7E35E51CA0EB7B00DF4E14 /* NSSet+LewLogger.m in Sources */,
				FE7E35E21CA0EB7B00DF4E14 /* LewLogger.m in Sources */,
				FE7E35C41CA0EB7000DF4E14 /* main.m in Sources */,
				FE7E35E31CA0EB7B00DF4E14 /* NSArray+LewLogger.m in Sources */,
				FE7E35E41CA0EB7B00DF4E14 /* NSDictionary+LewLogger.m in Sources */,
			);
			runOnlyForDeploymentPostprocessing = 0;
		};
/* End PBXSourcesBuildPhase section */

/* Begin PBXVariantGroup section */
		FE7E35CB1CA0EB7000DF4E14 /* Main.storyboard */ = {
			isa = PBXVariantGroup;
			children = (
				FE7E35CC1CA0EB7000DF4E14 /* Base */,
			);
			name = Main.storyboard;
			sourceTree = "<group>";
		};
		FE7E35D01CA0EB7000DF4E14 /* LaunchScreen.storyboard */ = {
			isa = PBXVariantGroup;
			children = (
				FE7E35D11CA0EB7000DF4E14 /* Base */,
			);
			name = LaunchScreen.storyboard;
			sourceTree = "<group>";
		};
/* End PBXVariantGroup section */

/* Begin XCBuildConfiguration section */
		FE7E35D41CA0EB7000DF4E14 /* Debug */ = {
			isa = XCBuildConfiguration;
			buildSettings = {
				ALWAYS_SEARCH_USER_PATHS = NO;
				CLANG_CXX_LANGUAGE_STANDARD = "gnu++0x";
				CLANG_CXX_LIBRARY = "libc++";
				CLANG_ENABLE_MODULES = YES;
				CLANG_ENABLE_OBJC_ARC = YES;
				CLANG_WARN_BOOL_CONVERSION = YES;
				CLANG_WARN_CONSTANT_CONVERSION = YES;
				CLANG_WARN_DIRECT_OBJC_ISA_USAGE = YES_ERROR;
				CLANG_WARN_EMPTY_BODY = YES;
				CLANG_WARN_ENUM_CONVERSION = YES;
				CLANG_WARN_INT_CONVERSION = YES;
				CLANG_WARN_OBJC_ROOT_CLASS = YES_ERROR;
				CLANG_WARN_UNREACHABLE_CODE = YES;
				CLANG_WARN__DUPLICATE_METHOD_MATCH = YES;
				"CODE_SIGN_IDENTITY[sdk=iphoneos*]" = "iPhone Developer";
				COPY_PHASE_STRIP = NO;
				DEBUG_INFORMATION_FORMAT = dwarf;
				ENABLE_STRICT_OBJC_MSGSEND = YES;
				ENABLE_TESTABILITY = YES;
				GCC_C_LANGUAGE_STANDARD = gnu99;
				GCC_DYNAMIC_NO_PIC = NO;
				GCC_NO_COMMON_BLOCKS = YES;
				GCC_OPTIMIZATION_LEVEL = 0;
				GCC_PREPROCESSOR_DEFINITIONS = (
					"DEBUG=1",
					"$(inherited)",
				);
				GCC_WARN_64_TO_32_BIT_CONVERSION = YES;
				GCC_WARN_ABOUT_RETURN_TYPE = YES_ERROR;
				GCC_WARN_UNDECLARED_SELECTOR = YES;
				GCC_WARN_UNINITIALIZED_AUTOS = YES_AGGRESSIVE;
				GCC_WARN_UNUSED_FUNCTION = YES;
				GCC_WARN_UNUSED_VARIABLE = YES;
				IPHONEOS_DEPLOYMENT_TARGET = 9.2;
				MTL_ENABLE_DEBUG_INFO = YES;
				ONLY_ACTIVE_ARCH = YES;
				SDKROOT = iphoneos;
			};
			name = Debug;
		};
		FE7E35D51CA0EB7000DF4E14 /* Release */ = {
			isa = XCBuildConfiguration;
			buildSettings = {
				ALWAYS_SEARCH_USER_PATHS = NO;
				CLANG_CXX_LANGUAGE_STANDARD = "gnu++0x";
				CLANG_CXX_LIBRARY = "libc++";
				CLANG_ENABLE_MODULES = YES;
				CLANG_ENABLE_OBJC_ARC = YES;
				CLANG_WARN_BOOL_CONVERSION = YES;
				CLANG_WARN_CONSTANT_CONVERSION = YES;
				CLANG_WARN_DIRECT_OBJC_ISA_USAGE = YES_ERROR;
				CLANG_WARN_EMPTY_BODY = YES;
				CLANG_WARN_ENUM_CONVERSION = YES;
				CLANG_WARN_INT_CONVERSION = YES;
				CLANG_WARN_OBJC_ROOT_CLASS = YES_ERROR;
				CLANG_WARN_UNREACHABLE_CODE = YES;
				CLANG_WARN__DUPLICATE_METHOD_MATCH = YES;
				"CODE_SIGN_IDENTITY[sdk=iphoneos*]" = "iPhone Developer";
				COPY_PHASE_STRIP = NO;
				DEBUG_INFORMATION_FORMAT = "dwarf-with-dsym";
				ENABLE_NS_ASSERTIONS = NO;
				ENABLE_STRICT_OBJC_MSGSEND = YES;
				GCC_C_LANGUAGE_STANDARD = gnu99;
				GCC_NO_COMMON_BLOCKS = YES;
				GCC_WARN_64_TO_32_BIT_CONVERSION = YES;
				GCC_WARN_ABOUT_RETURN_TYPE = YES_ERROR;
				GCC_WARN_UNDECLARED_SELECTOR = YES;
				GCC_WARN_UNINITIALIZED_AUTOS = YES_AGGRESSIVE;
				GCC_WARN_UNUSED_FUNCTION = YES;
				GCC_WARN_UNUSED_VARIABLE = YES;
				IPHONEOS_DEPLOYMENT_TARGET = 9.2;
				MTL_ENABLE_DEBUG_INFO = NO;
				SDKROOT = iphoneos;
				VALIDATE_PRODUCT = YES;
			};
			name = Release;
		};
		FE7E35D71CA0EB7000DF4E14 /* Debug */ = {
			isa = XCBuildConfiguration;
			buildSettings = {
				ASSETCATALOG_COMPILER_APPICON_NAME = AppIcon;
				INFOPLIST_FILE = LewLoggerDemo/Info.plist;
				LD_RUNPATH_SEARCH_PATHS = "$(inherited) @executable_path/Frameworks";
				PRODUCT_BUNDLE_IDENTIFIER = com.pljhonglu.LewLoggerDemo;
				PRODUCT_NAME = "$(TARGET_NAME)";
			};
			name = Debug;
		};
		FE7E35D81CA0EB7000DF4E14 /* Release */ = {
			isa = XCBuildConfiguration;
			buildSettings = {
				ASSETCATALOG_COMPILER_APPICON_NAME = AppIcon;
				INFOPLIST_FILE = LewLoggerDemo/Info.plist;
				LD_RUNPATH_SEARCH_PATHS = "$(inherited) @executable_path/Frameworks";
				PRODUCT_BUNDLE_IDENTIFIER = com.pljhonglu.LewLoggerDemo;
				PRODUCT_NAME = "$(TARGET_NAME)";
			};
			name = Release;
		};
/* End XCBuildConfiguration section */

/* Begin XCConfigurationList section */
		FE7E35BA1CA0EB7000DF4E14 /* Build configuration list for PBXProject "LewLoggerDemo" */ = {
			isa = XCConfigurationList;
			buildConfigurations = (
				FE7E35D41CA0EB7000DF4E14 /* Debug */,
				FE7E35D51CA0EB7000DF4E14 /* Release */,
			);
			defaultConfigurationIsVisible = 0;
			defaultConfigurationName = Release;
		};
		FE7E35D61CA0EB7000DF4E14 /* Build configuration list for PBXNativeTarget "LewLoggerDemo" */ = {
			isa = XCConfigurationList;
			buildConfigurations = (
				FE7E35D71CA0EB7000DF4E14 /* Debug */,
				FE7E35D81CA0EB7000DF4E14 /* Release */,
			);
			defaultConfigurationIsVisible = 0;
		};
/* End XCConfigurationList section */
	};
	rootObject = FE7E35B71CA0EB7000DF4E14 /* Project object */;
}
